
Microsoft Visual Studio Solution File, Format Version 12.00
# Visual Studio 15
VisualStudioVersion = 15.0.28307.271
MinimumVisualStudioVersion = 10.0.40219.1
Project("{9A19103F-16F7-4668-BE54-9A1E7A4F7556}") = "Covol", "Covol\Covol.csproj", "{291FD564-CFFA-4DF2-8418-108341DD982F}"
EndProject
Project("{FAE04EC0-301F-11D3-BF4B-00C04F79EFBC}") = "XUnitTestCovol", "XUnitTestCovol\XUnitTestCovol.csproj", "{64FAEC19-EC1F-4A85-851B-2755F0E5CEB4}"
EndProject
Global
	GlobalSection(SolutionConfigurationPlatforms) = preSolution
		Debug|Any CPU = Debug|Any CPU
		Release|Any CPU = Release|Any CPU
	EndGlobalSection
	GlobalSection(ProjectConfigurationPlatforms) = postSolution
		{291FD564-CFFA-4DF2-8418-108341DD982F}.Debug|Any CPU.ActiveCfg = Debug|Any CPU
		{291FD564-CFFA-4DF2-8418-108341DD982F}.Debug|Any CPU.Build.0 = Debug|Any CPU
		{291FD564-CFFA-4DF2-8418-108341DD982F}.Release|Any CPU.ActiveCfg = Release|Any CPU
		{291FD564-CFFA-4DF2-8418-108341DD982F}.Release|Any CPU.Build.0 = Release|Any CPU
		{64FAEC19-EC1F-4A85-851B-2755F0E5CEB4}.Debug|Any CPU.ActiveCfg = Debug|Any CPU
		{64FAEC19-EC1F-4A85-851B-2755F0E5CEB4}.Debug|Any CPU.Build.0 = Debug|Any CPU
		{64FAEC19-EC1F-4A85-851B-2755F0E5CEB4}.Release|Any CPU.ActiveCfg = Release|Any CPU
		{64FAEC19-EC1F-4A85-851B-2755F0E5CEB4}.Release|Any CPU.Build.0 = Release|Any CPU
	EndGlobalSection
	GlobalSection(SolutionProperties) = preSolution
		HideSolutionNode = FALSE
	EndGlobalSection
	GlobalSection(ExtensibilityGlobals) = postSolution
		SolutionGuid = {F1338B4C-C3B4-4DCC-86F5-9BEA3CEA7149}
	EndGlobalSection
EndGlobal
